
Microsoft Visual Studio Solution File, Format Version 12.00
# Visual Studio Version 17
VisualStudioVersion = 17.7.34031.279
MinimumVisualStudioVersion = 10.0.40219.1
Project("{9A19103F-16F7-4668-BE54-9A1E7A4F7556}") = "fast-food", "fast-food\fast-food.csproj", "{967FE04A-1881-4F03-BACA-80601CD86660}"
EndProject
Project("{2150E333-8FDC-42A3-9474-1A3956D46DE8}") = "Solution Items", "Solution Items", "{F18A82F0-8250-460B-94D5-F5645382BF45}"
	ProjectSection(SolutionItems) = preProject
		README.md = README.md
	EndProjectSection
EndProject
Global
	GlobalSection(SolutionConfigurationPlatforms) = preSolution
		Debug|Any CPU = Debug|Any CPU
		Release|Any CPU = Release|Any CPU
	EndGlobalSection
	GlobalSection(ProjectConfigurationPlatforms) = postSolution
		{967FE04A-1881-4F03-BACA-80601CD86660}.Debug|Any CPU.ActiveCfg = Debug|Any CPU
		{967FE04A-1881-4F03-BACA-80601CD86660}.Debug|Any CPU.Build.0 = Debug|Any CPU
		{967FE04A-1881-4F03-BACA-80601CD86660}.Release|Any CPU.ActiveCfg = Release|Any CPU
		{967FE04A-1881-4F03-BACA-80601CD86660}.Release|Any CPU.Build.0 = Release|Any CPU
	EndGlobalSection
	GlobalSection(SolutionProperties) = preSolution
		HideSolutionNode = FALSE
	EndGlobalSection
	GlobalSection(ExtensibilityGlobals) = postSolution
		SolutionGuid = {E32F08D4-2294-4052-BAE3-1B353EF2B50E}
	EndGlobalSection
EndGlobal
